
Microsoft Visual Studio Solution File, Format Version 12.00
# Visual Studio Version 16
VisualStudioVersion = 16.0.30907.101
MinimumVisualStudioVersion = 10.0.40219.1
Project("{FAE04EC0-301F-11D3-BF4B-00C04F79EFBC}") = "Ait.Nics.Wpf", "Ait.Nics.Wpf\Ait.Nics.Wpf.csproj", "{FC3E185C-6CF8-470F-85B0-176E4BBCD1A9}"
EndProject
Project("{FAE04EC0-301F-11D3-BF4B-00C04F79EFBC}") = "Ait.Nics.Core", "Ait.Nics.Core\Ait.Nics.Core.csproj", "{F543618E-E7BD-4A00-8F74-C5BA9D3DBAA8}"
EndProject
Global
	GlobalSection(SolutionConfigurationPlatforms) = preSolution
		Debug|Any CPU = Debug|Any CPU
		Release|Any CPU = Release|Any CPU
	EndGlobalSection
	GlobalSection(ProjectConfigurationPlatforms) = postSolution
		{FC3E185C-6CF8-470F-85B0-176E4BBCD1A9}.Debug|Any CPU.ActiveCfg = Debug|Any CPU
		{FC3E185C-6CF8-470F-85B0-176E4BBCD1A9}.Debug|Any CPU.Build.0 = Debug|Any CPU
		{FC3E185C-6CF8-470F-85B0-176E4BBCD1A9}.Release|Any CPU.ActiveCfg = Release|Any CPU
		{FC3E185C-6CF8-470F-85B0-176E4BBCD1A9}.Release|Any CPU.Build.0 = Release|Any CPU
		{F543618E-E7BD-4A00-8F74-C5BA9D3DBAA8}.Debug|Any CPU.ActiveCfg = Debug|Any CPU
		{F543618E-E7BD-4A00-8F74-C5BA9D3DBAA8}.Debug|Any CPU.Build.0 = Debug|Any CPU
		{F543618E-E7BD-4A00-8F74-C5BA9D3DBAA8}.Release|Any CPU.ActiveCfg = Release|Any CPU
		{F543618E-E7BD-4A00-8F74-C5BA9D3DBAA8}.Release|Any CPU.Build.0 = Release|Any CPU
	EndGlobalSection
	GlobalSection(SolutionProperties) = preSolution
		HideSolutionNode = FALSE
	EndGlobalSection
	GlobalSection(ExtensibilityGlobals) = postSolution
		SolutionGuid = {0A938507-8F36-4E4C-9490-F74B38A35C97}
	EndGlobalSection
EndGlobal
